
Microsoft Visual Studio Solution File, Format Version 12.00
# Visual Studio Version 17
VisualStudioVersion = 17.3.32922.545
MinimumVisualStudioVersion = 10.0.40219.1
Project("{FAE04EC0-301F-11D3-BF4B-00C04F79EFBC}") = "extract", "extract.csproj", "{78D8F383-DED0-47AD-914D-EB1EC3933463}"
EndProject
Global
	GlobalSection(SolutionConfigurationPlatforms) = preSolution
		Debug|Any CPU = Debug|Any CPU
		Release|Any CPU = Release|Any CPU
	EndGlobalSection
	GlobalSection(ProjectConfigurationPlatforms) = postSolution
		{78D8F383-DED0-47AD-914D-EB1EC3933463}.Debug|Any CPU.ActiveCfg = Debug|Any CPU
		{78D8F383-DED0-47AD-914D-EB1EC3933463}.Debug|Any CPU.Build.0 = Debug|Any CPU
		{78D8F383-DED0-47AD-914D-EB1EC3933463}.Release|Any CPU.ActiveCfg = Release|Any CPU
		{78D8F383-DED0-47AD-914D-EB1EC3933463}.Release|Any CPU.Build.0 = Release|Any CPU
	EndGlobalSection
	GlobalSection(SolutionProperties) = preSolution
		HideSolutionNode = FALSE
	EndGlobalSection
	GlobalSection(ExtensibilityGlobals) = postSolution
		SolutionGuid = {C3E5F612-ADEF-4BB8-A645-29C26F2B1D3C}
	EndGlobalSection
EndGlobal
